// !$*UTF8*$!
{
	archiveVersion = 1;
	classes = {
	};
	objectVersion = 77;
	objects = {

/* Begin PBXBuildFile section */
		BD6748AA30454ABF001737E5 /* FirebaseCore in Frameworks */ = {isa = PBXBuildFile; productRef = BD6748A930454ABF001737E5 /* FirebaseCore */; };
		BD6748AC30454ABF001737E5 /* FirebaseMessaging in Frameworks */ = {isa = PBXBuildFile; productRef = BD6748AB30454ABF001737E5 /* FirebaseMessaging */; };
		BD6748AE30454ABF001737E5 /* FirebaseCrashlytics in Frameworks */ = {isa = PBXBuildFile; productRef = BD6748AD30454ABF001737E5 /* FirebaseCrashlytics */; };
		BD8F01D1303BF1B8000751CF /* KakaoSDKAuth in Frameworks */ = {isa = PBXBuildFile; productRef = BD8F01D0303BF1B8000751CF /* KakaoSDKAuth */; };
		BD8F01D3303BF1B8000751CF /* KakaoSDKCommon in Frameworks */ = {isa = PBXBuildFile; productRef = BD8F01D2303BF1B8000751CF /* KakaoSDKCommon */; };
		BD8F01D5303BF1B8000751CF /* KakaoSDKUser in Frameworks */ = {isa = PBXBuildFile; productRef = BD8F01D4303BF1B8000751CF /* KakaoSDKUser */; };
		BDC1030830414CAD0018F84A /* WidgetKit.framework in Frameworks */ = {isa = PBXBuildFile; fileRef = BDC1030730414CAD0018F84A /* WidgetKit.framework */; };
		BDC1030A30414CAD0018F84A /* SwiftUI.framework in Frameworks */ = {isa = PBXBuildFile; fileRef = BDC1030930414CAD0018F84A /* SwiftUI.framework */; };
		BDC1031730414CAE0018F84A /* LinkerWidgetExtension.appex in Embed Foundation Extensions */ = {isa = PBXBuildFile; fileRef = BDC1030630414CAD0018F84A /* LinkerWidgetExtension.appex */; settings = {ATTRIBUTES = (RemoveHeadersOnCopy, ); }; };
/* End PBXBuildFile section */

/* Begin PBXContainerItemProxy section */
		BDC1031530414CAE0018F84A /* PBXContainerItemProxy */ = {
			isa = PBXContainerItemProxy;
			containerPortal = 6A46FEA3C2ABC6AB37FC73F7 /* Project object */;
			proxyType = 1;
			remoteGlobalIDString = BDC1030530414CAD0018F84A;
			remoteInfo = LinkerWidgetExtension;
		};
/* End PBXContainerItemProxy section */

/* Begin PBXCopyFilesBuildPhase section */
		BDC1031C30414CAE0018F84A /* Embed Foundation Extensions */ = {
			isa = PBXCopyFilesBuildPhase;
			buildActionMask = 2147483647;
			dstPath = "";
			dstSubfolderSpec = 13;
			files = (
				BDC1031730414CAE0018F84A /* LinkerWidgetExtension.appex in Embed Foundation Extensions */,
			);
			name = "Embed Foundation Extensions";
			runOnlyForDeploymentPostprocessing = 0;
		};
/* End PBXCopyFilesBuildPhase section */

/* Begin PBXFileReference section */
		BDC1030630414CAD0018F84A /* LinkerWidgetExtension.appex */ = {isa = PBXFileReference; explicitFileType = "wrapper.app-extension"; includeInIndex = 0; path = LinkerWidgetExtension.appex; sourceTree = BUILT_PRODUCTS_DIR; };
		BDC1030730414CAD0018F84A /* WidgetKit.framework */ = {isa = PBXFileReference; lastKnownFileType = wrapper.framework; name = WidgetKit.framework; path = System/Library/Frameworks/WidgetKit.framework; sourceTree = SDKROOT; };
		BDC1030930414CAD0018F84A /* SwiftUI.framework */ = {isa = PBXFileReference; lastKnownFileType = wrapper.framework; name = SwiftUI.framework; path = System/Library/Frameworks/SwiftUI.framework; sourceTree = SDKROOT; };
		CAA19F5C0767436843DE3BCB /* Linker.app */ = {isa = PBXFileReference; explicitFileType = wrapper.application; includeInIndex = 0; path = Linker.app; sourceTree = BUILT_PRODUCTS_DIR; };
/* End PBXFileReference section */

/* Begin PBXFileSystemSynchronizedBuildFileExceptionSet section */
		7D5E0F860461EE696E868D37 /* Exceptions for "iosApp" folder in "iosApp" target */ = {
			isa = PBXFileSystemSynchronizedBuildFileExceptionSet;
			membershipExceptions = (
				Info.plist,
			);
			target = AC68E6B7F5087EDAC76D1FEE /* iosApp */;
		};
		BDC1031B30414CAE0018F84A /* Exceptions for "LinkerWidget" folder in "LinkerWidgetExtension" target */ = {
			isa = PBXFileSystemSynchronizedBuildFileExceptionSet;
			membershipExceptions = (
				Info.plist,
			);
			target = BDC1030530414CAD0018F84A /* LinkerWidgetExtension */;
		};
/* End PBXFileSystemSynchronizedBuildFileExceptionSet section */

/* Begin PBXFileSystemSynchronizedRootGroup section */
		233C92811BCC42C0FC21E086 /* Configuration */ = {
			isa = PBXFileSystemSynchronizedRootGroup;
			path = Configuration;
			sourceTree = "<group>";
		};
		9B135DE6C167A223EDE36E4F /* iosApp */ = {
			isa = PBXFileSystemSynchronizedRootGroup;
			exceptions = (
				7D5E0F860461EE696E868D37 /* Exceptions for "iosApp" folder in "iosApp" target */,
			);
			path = iosApp;
			sourceTree = "<group>";
		};
		BDC1030B30414CAD0018F84A /* LinkerWidget */ = {
			isa = PBXFileSystemSynchronizedRootGroup;
			exceptions = (
				BDC1031B30414CAE0018F84A /* Exceptions for "LinkerWidget" folder in "LinkerWidgetExtension" target */,
			);
			path = LinkerWidget;
			sourceTree = "<group>";
		};
/* End PBXFileSystemSynchronizedRootGroup section */

/* Begin PBXFrameworksBuildPhase section */
		B365CBDFCC9E1A44FEA44F0B /* Frameworks */ = {
			isa = PBXFrameworksBuildPhase;
			buildActionMask = 2147483647;
			files = (
				BD8F01D3303BF1B8000751CF /* KakaoSDKCommon in Frameworks */,
				BD8F01D1303BF1B8000751CF /* KakaoSDKAuth in Frameworks */,
				BD6748AC30454ABF001737E5 /* FirebaseMessaging in Frameworks */,
				BD6748AA30454ABF001737E5 /* FirebaseCore in Frameworks */,
				BD6748AE30454ABF001737E5 /* FirebaseCrashlytics in Frameworks */,
				BD8F01D5303BF1B8000751CF /* KakaoSDKUser in Frameworks */,
			);
			runOnlyForDeploymentPostprocessing = 0;
		};
		BDC1030330414CAD0018F84A /* Frameworks */ = {
			isa = PBXFrameworksBuildPhase;
			buildActionMask = 2147483647;
			files = (
				BDC1030A30414CAD0018F84A /* SwiftUI.framework in Frameworks */,
				BDC1030830414CAD0018F84A /* WidgetKit.framework in Frameworks */,
			);
			runOnlyForDeploymentPostprocessing = 0;
		};
/* End PBXFrameworksBuildPhase section */

/* Begin PBXGroup section */
		20518BDB74316BC93738C1EB /* Products */ = {
			isa = PBXGroup;
			children = (
				CAA19F5C0767436843DE3BCB /* Linker.app */,
				BDC1030630414CAD0018F84A /* LinkerWidgetExtension.appex */,
			);
			name = Products;
			sourceTree = "<group>";
		};
		607E93E2C25EDA8AFA445BA9 = {
			isa = PBXGroup;
			children = (
				233C92811BCC42C0FC21E086 /* Configuration */,
				9B135DE6C167A223EDE36E4F /* iosApp */,
				BDC1030B30414CAD0018F84A /* LinkerWidget */,
				BD8F01CF303BF1B8000751CF /* Frameworks */,
				20518BDB74316BC93738C1EB /* Products */,
			);
			sourceTree = "<group>";
		};
		BD8F01CF303BF1B8000751CF /* Frameworks */ = {
			isa = PBXGroup;
			children = (
				BDC1030730414CAD0018F84A /* WidgetKit.framework */,
				BDC1030930414CAD0018F84A /* SwiftUI.framework */,
			);
			name = Frameworks;
			sourceTree = "<group>";
		};
/* End PBXGroup section */

/* Begin PBXNativeTarget section */
		AC68E6B7F5087EDAC76D1FEE /* iosApp */ = {
			isa = PBXNativeTarget;
			buildConfigurationList = 0F33C758CDE1FCF94B9FE9DB /* Build configuration list for PBXNativeTarget "iosApp" */;
			buildPhases = (
				0E0415F10FEA31EB0F88CB58 /* Compile Kotlin Framework */,
				D22EEE64C684728FB27A986C /* Sources */,
				B365CBDFCC9E1A44FEA44F0B /* Frameworks */,
				3D18DDB6219FCDE2DD3EE267 /* Resources */,
				BDC1031C30414CAE0018F84A /* Embed Foundation Extensions */,
			);
			buildRules = (
			);
			dependencies = (
				BDC1031630414CAE0018F84A /* PBXTargetDependency */,
			);
			fileSystemSynchronizedGroups = (
				9B135DE6C167A223EDE36E4F /* iosApp */,
			);
			name = iosApp;
			packageProductDependencies = (
				BD8F01D0303BF1B8000751CF /* KakaoSDKAuth */,
				BD8F01D2303BF1B8000751CF /* KakaoSDKCommon */,
				BD8F01D4303BF1B8000751CF /* KakaoSDKUser */,
				BD6748A930454ABF001737E5 /* FirebaseCore */,
				BD6748AB30454ABF001737E5 /* FirebaseMessaging */,
				BD6748AD30454ABF001737E5 /* FirebaseCrashlytics */,
			);
			productName = iosApp;
			productReference = CAA19F5C0767436843DE3BCB /* Linker.app */;
			productType = "com.apple.product-type.application";
		};
		BDC1030530414CAD0018F84A /* LinkerWidgetExtension */ = {
			isa = PBXNativeTarget;
			buildConfigurationList = BDC1031830414CAE0018F84A /* Build configuration list for PBXNativeTarget "LinkerWidgetExtension" */;
			buildPhases = (
				BDC1030230414CAD0018F84A /* Sources */,
				BDC1030330414CAD0018F84A /* Frameworks */,
				BDC1030430414CAD0018F84A /* Resources */,
			);
			buildRules = (
			);
			dependencies = (
			);
			fileSystemSynchronizedGroups = (
				BDC1030B30414CAD0018F84A /* LinkerWidget */,
			);
			name = LinkerWidgetExtension;
			packageProductDependencies = (
			);
			productName = LinkerWidgetExtension;
			productReference = BDC1030630414CAD0018F84A /* LinkerWidgetExtension.appex */;
			productType = "com.apple.product-type.app-extension";
		};
/* End PBXNativeTarget section */

/* Begin PBXProject section */
		6A46FEA3C2ABC6AB37FC73F7 /* Project object */ = {
			isa = PBXProject;
			attributes = {
				BuildIndependentTargetsInParallel = 1;
				LastSwiftUpdateCheck = 2650;
				LastUpgradeCheck = 1620;
				TargetAttributes = {
					AC68E6B7F5087EDAC76D1FEE = {
						CreatedOnToolsVersion = 16.2;
					};
					BDC1030530414CAD0018F84A = {
						CreatedOnToolsVersion = 26.5;
					};
				};
			};
			buildConfigurationList = 62D559A11BDA3B7428004721 /* Build configuration list for PBXProject "iosApp" */;
			developmentRegion = en;
			hasScannedForEncodings = 0;
			knownRegions = (
				en,
				Base,
			);
			mainGroup = 607E93E2C25EDA8AFA445BA9;
			minimizedProjectReferenceProxies = 1;
			packageReferences = (
				BD8F01CE303BF0C9000751CF /* XCRemoteSwiftPackageReference "kakao-ios-sdk" */,
				BD6748A830454A46001737E5 /* XCRemoteSwiftPackageReference "firebase-ios-sdk" */,
			);
			preferredProjectObjectVersion = 77;
			productRefGroup = 20518BDB74316BC93738C1EB /* Products */;
			projectDirPath = "";
			projectRoot = "";
			targets = (
				AC68E6B7F5087EDAC76D1FEE /* iosApp */,
				BDC1030530414CAD0018F84A /* LinkerWidgetExtension */,
			);
		};
/* End PBXProject section */

/* Begin PBXResourcesBuildPhase section */
		3D18DDB6219FCDE2DD3EE267 /* Resources */ = {
			isa = PBXResourcesBuildPhase;
			buildActionMask = 2147483647;
			files = (
			);
			runOnlyForDeploymentPostprocessing = 0;
		};
		BDC1030430414CAD0018F84A /* Resources */ = {
			isa = PBXResourcesBuildPhase;
			buildActionMask = 2147483647;
			files = (
			);
			runOnlyForDeploymentPostprocessing = 0;
		};
/* End PBXResourcesBuildPhase section */

/* Begin PBXShellScriptBuildPhase section */
		0E0415F10FEA31EB0F88CB58 /* Compile Kotlin Framework */ = {
			isa = PBXShellScriptBuildPhase;
			alwaysOutOfDate = 1;
			buildActionMask = 2147483647;
			files = (
			);
			inputFileListPaths = (
			);
			inputPaths = (
			);
			name = "Compile Kotlin Framework";
			outputFileListPaths = (
			);
			outputPaths = (
			);
			runOnlyForDeploymentPostprocessing = 0;
			shellPath = /bin/sh;
			shellScript = "if [ \"YES\" = \"$OVERRIDE_KOTLIN_BUILD_IDE_SUPPORTED\" ]; then\n  echo \"Skipping Gradle build task invocation due to OVERRIDE_KOTLIN_BUILD_IDE_SUPPORTED environment variable set to \\\"YES\\\"\"\n  exit 0\nfi\n# Xcode 빌드 스크립트는 최소 PATH 로 돌아 Homebrew · asdf 등에서 설치한 java 를 못 찾음.\n# JAVA_HOME 이 이미 세팅돼 있으면 그대로, 아니면 흔한 후보 경로에서 자동 탐색.\nif [ -z \"$JAVA_HOME\" ]; then\n  for candidate in \\\n    \"/opt/homebrew/opt/openjdk@21/libexec/openjdk.jdk/Contents/Home\" \\\n    \"/opt/homebrew/opt/openjdk@17/libexec/openjdk.jdk/Contents/Home\" \\\n    \"/opt/homebrew/opt/openjdk/libexec/openjdk.jdk/Contents/Home\" \\\n    \"/Library/Java/JavaVirtualMachines/openjdk-21.jdk/Contents/Home\" \\\n    \"/Library/Java/JavaVirtualMachines/openjdk-17.jdk/Contents/Home\" \\\n    ; do\n    if [ -x \"$candidate/bin/java\" ]; then\n      export JAVA_HOME=\"$candidate\"\n      break\n    fi\n  done\nfi\nif [ -z \"$JAVA_HOME\" ]; then\n  echo \"error: JAVA_HOME 설정 실패. openjdk 설치 필요: brew install openjdk@21\"\n  exit 1\nfi\nexport PATH=\"$JAVA_HOME/bin:$PATH\"\ncd \"$SRCROOT/..\"\n./gradlew :shared:embedAndSignAppleFrameworkForXcode\n";
		};
/* End PBXShellScriptBuildPhase section */

/* Begin PBXSourcesBuildPhase section */
		BDC1030230414CAD0018F84A /* Sources */ = {
			isa = PBXSourcesBuildPhase;
			buildActionMask = 2147483647;
			files = (
			);
			runOnlyForDeploymentPostprocessing = 0;
		};
		D22EEE64C684728FB27A986C /* Sources */ = {
			isa = PBXSourcesBuildPhase;
			buildActionMask = 2147483647;
			files = (
			);
			runOnlyForDeploymentPostprocessing = 0;
		};
/* End PBXSourcesBuildPhase section */

/* Begin PBXTargetDependency section */
		BDC1031630414CAE0018F84A /* PBXTargetDependency */ = {
			isa = PBXTargetDependency;
			target = BDC1030530414CAD0018F84A /* LinkerWidgetExtension */;
			targetProxy = BDC1031530414CAE0018F84A /* PBXContainerItemProxy */;
		};
/* End PBXTargetDependency section */

/* Begin XCBuildConfiguration section */
		56FC0BCA518C24A9CD3B4159 /* Release */ = {
			isa = XCBuildConfiguration;
			buildSettings = {
				ARCHS = arm64;
				ASSETCATALOG_COMPILER_APPICON_NAME = AppIcon;
				ASSETCATALOG_COMPILER_GLOBAL_ACCENT_COLOR_NAME = AccentColor;
				CODE_SIGN_ENTITLEMENTS = iosApp/iosApp.entitlements;
				CODE_SIGN_IDENTITY = "Apple Development";
				CODE_SIGN_STYLE = Automatic;
				DEVELOPMENT_ASSET_PATHS = "\"iosApp/Preview Content\"";
				DEVELOPMENT_TEAM = YCCX589JXZ;
				ENABLE_PREVIEWS = YES;
				GENERATE_INFOPLIST_FILE = YES;
				INFOPLIST_FILE = iosApp/Info.plist;
				INFOPLIST_KEY_LSApplicationCategoryType = "public.app-category.social-networking";
				INFOPLIST_KEY_UIApplicationSceneManifest_Generation = YES;
				INFOPLIST_KEY_UIApplicationSupportsIndirectInputEvents = YES;
				INFOPLIST_KEY_UILaunchScreen_Generation = YES;
				INFOPLIST_KEY_UISupportedInterfaceOrientations_iPad = "UIInterfaceOrientationPortrait UIInterfaceOrientationPortraitUpsideDown UIInterfaceOrientationLandscapeLeft UIInterfaceOrientationLandscapeRight";
				INFOPLIST_KEY_UISupportedInterfaceOrientations_iPhone = "UIInterfaceOrientationPortrait UIInterfaceOrientationLandscapeLeft UIInterfaceOrientationLandscapeRight";
				LD_RUNPATH_SEARCH_PATHS = (
					"$(inherited)",
					"@executable_path/Frameworks",
				);
				MARKETING_VERSION = 1.0.1;
				SWIFT_EMIT_LOC_STRINGS = YES;
				SWIFT_VERSION = 5.0;
				TARGETED_DEVICE_FAMILY = "1,2";
			};
			name = Release;
		};
		BDC1031930414CAE0018F84A /* Debug */ = {
			isa = XCBuildConfiguration;
			buildSettings = {
				CODE_SIGN_ENTITLEMENTS = LinkerWidget/LinkerWidget.entitlements;
				CODE_SIGN_IDENTITY = "Apple Development";
				CODE_SIGN_STYLE = Automatic;
				CURRENT_PROJECT_VERSION = 1;
				DEVELOPMENT_TEAM = "${TEAM_ID}";
				ENABLE_USER_SCRIPT_SANDBOXING = YES;
				GENERATE_INFOPLIST_FILE = NO;
				INFOPLIST_FILE = LinkerWidget/Info.plist;
				INFOPLIST_KEY_CFBundleDisplayName = LinkerWidget;
				INFOPLIST_KEY_NSHumanReadableCopyright = "";
				IPHONEOS_DEPLOYMENT_TARGET = 18.2;
				LD_RUNPATH_SEARCH_PATHS = (
					"$(inherited)",
					"@executable_path/Frameworks",
					"@executable_path/../../Frameworks",
				);
				MARKETING_VERSION = 1.0.1;
				PRODUCT_BUNDLE_IDENTIFIER = com.hyunjine.linker.LinkerWidget;
				PRODUCT_NAME = "$(TARGET_NAME)";
				SKIP_INSTALL = YES;
				STRING_CATALOG_GENERATE_SYMBOLS = YES;
				SWIFT_APPROACHABLE_CONCURRENCY = YES;
				SWIFT_EMIT_LOC_STRINGS = YES;
				SWIFT_UPCOMING_FEATURE_MEMBER_IMPORT_VISIBILITY = YES;
				SWIFT_VERSION = 5.0;
				TARGETED_DEVICE_FAMILY = "1,2";
			};
			name = Debug;
		};
		BDC1031A30414CAE0018F84A /* Release */ = {
			isa = XCBuildConfiguration;
			buildSettings = {
				CODE_SIGN_ENTITLEMENTS = LinkerWidget/LinkerWidget.entitlements;
				CODE_SIGN_IDENTITY = "Apple Development";
				CODE_SIGN_STYLE = Automatic;
				CURRENT_PROJECT_VERSION = 1;
				DEVELOPMENT_TEAM = "${TEAM_ID}";
				ENABLE_USER_SCRIPT_SANDBOXING = YES;
				GENERATE_INFOPLIST_FILE = NO;
				INFOPLIST_FILE = LinkerWidget/Info.plist;
				INFOPLIST_KEY_CFBundleDisplayName = LinkerWidget;
				INFOPLIST_KEY_NSHumanReadableCopyright = "";
				IPHONEOS_DEPLOYMENT_TARGET = 18.2;
				LD_RUNPATH_SEARCH_PATHS = (
					"$(inherited)",
					"@executable_path/Frameworks",
					"@executable_path/../../Frameworks",
				);
				MARKETING_VERSION = 1.0.1;
				PRODUCT_BUNDLE_IDENTIFIER = com.hyunjine.linker.LinkerWidget;
				PRODUCT_NAME = "$(TARGET_NAME)";
				SKIP_INSTALL = YES;
				STRING_CATALOG_GENERATE_SYMBOLS = YES;
				SWIFT_APPROACHABLE_CONCURRENCY = YES;
				SWIFT_EMIT_LOC_STRINGS = YES;
				SWIFT_UPCOMING_FEATURE_MEMBER_IMPORT_VISIBILITY = YES;
				SWIFT_VERSION = 5.0;
				TARGETED_DEVICE_FAMILY = "1,2";
			};
			name = Release;
		};
		C5BED061E7CBB6FC62DBB45D /* Debug */ = {
			isa = XCBuildConfiguration;
			buildSettings = {
				ARCHS = arm64;
				ASSETCATALOG_COMPILER_APPICON_NAME = AppIcon;
				ASSETCATALOG_COMPILER_GLOBAL_ACCENT_COLOR_NAME = AccentColor;
				CODE_SIGN_ENTITLEMENTS = iosApp/iosApp.entitlements;
				CODE_SIGN_IDENTITY = "Apple Development";
				CODE_SIGN_STYLE = Automatic;
				DEVELOPMENT_ASSET_PATHS = "\"iosApp/Preview Content\"";
				DEVELOPMENT_TEAM = YCCX589JXZ;
				ENABLE_PREVIEWS = YES;
				GENERATE_INFOPLIST_FILE = YES;
				INFOPLIST_FILE = iosApp/Info.plist;
				INFOPLIST_KEY_LSApplicationCategoryType = "public.app-category.social-networking";
				INFOPLIST_KEY_UIApplicationSceneManifest_Generation = YES;
				INFOPLIST_KEY_UIApplicationSupportsIndirectInputEvents = YES;
				INFOPLIST_KEY_UILaunchScreen_Generation = YES;
				INFOPLIST_KEY_UISupportedInterfaceOrientations_iPad = "UIInterfaceOrientationPortrait UIInterfaceOrientationPortraitUpsideDown UIInterfaceOrientationLandscapeLeft UIInterfaceOrientationLandscapeRight";
				INFOPLIST_KEY_UISupportedInterfaceOrientations_iPhone = "UIInterfaceOrientationPortrait UIInterfaceOrientationLandscapeLeft UIInterfaceOrientationLandscapeRight";
				LD_RUNPATH_SEARCH_PATHS = (
					"$(inherited)",
					"@executable_path/Frameworks",
				);
				MARKETING_VERSION = 1.0.1;
				SWIFT_EMIT_LOC_STRINGS = YES;
				SWIFT_VERSION = 5.0;
				TARGETED_DEVICE_FAMILY = "1,2";
			};
			name = Debug;
		};
		C5D31A2EEA45DCB6382413D8 /* Release */ = {
			isa = XCBuildConfiguration;
			baseConfigurationReferenceAnchor = 233C92811BCC42C0FC21E086 /* Configuration */;
			baseConfigurationReferenceRelativePath = Config.xcconfig;
			buildSettings = {
				ALWAYS_SEARCH_USER_PATHS = NO;
				ASSETCATALOG_COMPILER_GENERATE_SWIFT_ASSET_SYMBOL_EXTENSIONS = YES;
				CLANG_ANALYZER_NONNULL = YES;
				CLANG_ANALYZER_NUMBER_OBJECT_CONVERSION = YES_AGGRESSIVE;
				CLANG_CXX_LANGUAGE_STANDARD = "gnu++20";
				CLANG_ENABLE_MODULES = YES;
				CLANG_ENABLE_OBJC_ARC = YES;
				CLANG_ENABLE_OBJC_WEAK = YES;
				CLANG_WARN_BLOCK_CAPTURE_AUTORELEASING = YES;
				CLANG_WARN_BOOL_CONVERSION = YES;
				CLANG_WARN_COMMA = YES;
				CLANG_WARN_CONSTANT_CONVERSION = YES;
				CLANG_WARN_DEPRECATED_OBJC_IMPLEMENTATIONS = YES;
				CLANG_WARN_DIRECT_OBJC_ISA_USAGE = YES_ERROR;
				CLANG_WARN_DOCUMENTATION_COMMENTS = YES;
				CLANG_WARN_EMPTY_BODY = YES;
				CLANG_WARN_ENUM_CONVERSION = YES;
				CLANG_WARN_INFINITE_RECURSION = YES;
				CLANG_WARN_INT_CONVERSION = YES;
				CLANG_WARN_NON_LITERAL_NULL_CONVERSION = YES;
				CLANG_WARN_OBJC_IMPLICIT_RETAIN_SELF = YES;
				CLANG_WARN_OBJC_LITERAL_CONVERSION = YES;
				CLANG_WARN_OBJC_ROOT_CLASS = YES_ERROR;
				CLANG_WARN_QUOTED_INCLUDE_IN_FRAMEWORK_HEADER = YES;
				CLANG_WARN_RANGE_LOOP_ANALYSIS = YES;
				CLANG_WARN_STRICT_PROTOTYPES = YES;
				CLANG_WARN_SUSPICIOUS_MOVE = YES;
				CLANG_WARN_UNGUARDED_AVAILABILITY = YES_AGGRESSIVE;
				CLANG_WARN_UNREACHABLE_CODE = YES;
				CLANG_WARN__DUPLICATE_METHOD_MATCH = YES;
				COPY_PHASE_STRIP = NO;
				DEBUG_INFORMATION_FORMAT = "dwarf-with-dsym";
				ENABLE_NS_ASSERTIONS = NO;
				ENABLE_STRICT_OBJC_MSGSEND = YES;
				ENABLE_USER_SCRIPT_SANDBOXING = NO;
				GCC_C_LANGUAGE_STANDARD = gnu17;
				GCC_NO_COMMON_BLOCKS = YES;
				GCC_WARN_64_TO_32_BIT_CONVERSION = YES;
				GCC_WARN_ABOUT_RETURN_TYPE = YES_ERROR;
				GCC_WARN_UNDECLARED_SELECTOR = YES;
				GCC_WARN_UNINITIALIZED_AUTOS = YES_AGGRESSIVE;
				GCC_WARN_UNUSED_FUNCTION = YES;
				GCC_WARN_UNUSED_VARIABLE = YES;
				IPHONEOS_DEPLOYMENT_TARGET = 18.2;
				LOCALIZATION_PREFERS_STRING_CATALOGS = YES;
				MTL_ENABLE_DEBUG_INFO = NO;
				MTL_FAST_MATH = YES;
				SDKROOT = iphoneos;
				SWIFT_COMPILATION_MODE = wholemodule;
				VALIDATE_PRODUCT = YES;
			};
			name = Release;
		};
		D477B60D59A645427DD20E47 /* Debug */ = {
			isa = XCBuildConfiguration;
			baseConfigurationReferenceAnchor = 233C92811BCC42C0FC21E086 /* Configuration */;
			baseConfigurationReferenceRelativePath = Config.xcconfig;
			buildSettings = {
				ALWAYS_SEARCH_USER_PATHS = NO;
				ASSETCATALOG_COMPILER_GENERATE_SWIFT_ASSET_SYMBOL_EXTENSIONS = YES;
				CLANG_ANALYZER_NONNULL = YES;
				CLANG_ANALYZER_NUMBER_OBJECT_CONVERSION = YES_AGGRESSIVE;
				CLANG_CXX_LANGUAGE_STANDARD = "gnu++20";
				CLANG_ENABLE_MODULES = YES;
				CLANG_ENABLE_OBJC_ARC = YES;
				CLANG_ENABLE_OBJC_WEAK = YES;
				CLANG_WARN_BLOCK_CAPTURE_AUTORELEASING = YES;
				CLANG_WARN_BOOL_CONVERSION = YES;
				CLANG_WARN_COMMA = YES;
				CLANG_WARN_CONSTANT_CONVERSION = YES;
				CLANG_WARN_DEPRECATED_OBJC_IMPLEMENTATIONS = YES;
				CLANG_WARN_DIRECT_OBJC_ISA_USAGE = YES_ERROR;
				CLANG_WARN_DOCUMENTATION_COMMENTS = YES;
				CLANG_WARN_EMPTY_BODY = YES;
				CLANG_WARN_ENUM_CONVERSION = YES;
				CLANG_WARN_INFINITE_RECURSION = YES;
				CLANG_WARN_INT_CONVERSION = YES;
				CLANG_WARN_NON_LITERAL_NULL_CONVERSION = YES;
				CLANG_WARN_OBJC_IMPLICIT_RETAIN_SELF = YES;
				CLANG_WARN_OBJC_LITERAL_CONVERSION = YES;
				CLANG_WARN_OBJC_ROOT_CLASS = YES_ERROR;
				CLANG_WARN_QUOTED_INCLUDE_IN_FRAMEWORK_HEADER = YES;
				CLANG_WARN_RANGE_LOOP_ANALYSIS = YES;
				CLANG_WARN_STRICT_PROTOTYPES = YES;
				CLANG_WARN_SUSPICIOUS_MOVE = YES;
				CLANG_WARN_UNGUARDED_AVAILABILITY = YES_AGGRESSIVE;
				CLANG_WARN_UNREACHABLE_CODE = YES;
				CLANG_WARN__DUPLICATE_METHOD_MATCH = YES;
				COPY_PHASE_STRIP = NO;
				DEBUG_INFORMATION_FORMAT = dwarf;
				ENABLE_STRICT_OBJC_MSGSEND = YES;
				ENABLE_TESTABILITY = YES;
				ENABLE_USER_SCRIPT_SANDBOXING = NO;
				GCC_C_LANGUAGE_STANDARD = gnu17;
				GCC_DYNAMIC_NO_PIC = NO;
				GCC_NO_COMMON_BLOCKS = YES;
				GCC_OPTIMIZATION_LEVEL = 0;
				GCC_PREPROCESSOR_DEFINITIONS = (
					"DEBUG=1",
					"$(inherited)",
				);
				GCC_WARN_64_TO_32_BIT_CONVERSION = YES;
				GCC_WARN_ABOUT_RETURN_TYPE = YES_ERROR;
				GCC_WARN_UNDECLARED_SELECTOR = YES;
				GCC_WARN_UNINITIALIZED_AUTOS = YES_AGGRESSIVE;
				GCC_WARN_UNUSED_FUNCTION = YES;
				GCC_WARN_UNUSED_VARIABLE = YES;
				IPHONEOS_DEPLOYMENT_TARGET = 18.2;
				LOCALIZATION_PREFERS_STRING_CATALOGS = YES;
				MTL_ENABLE_DEBUG_INFO = INCLUDE_SOURCE;
				MTL_FAST_MATH = YES;
				ONLY_ACTIVE_ARCH = YES;
				SDKROOT = iphoneos;
				SWIFT_ACTIVE_COMPILATION_CONDITIONS = "DEBUG $(inherited)";
				SWIFT_OPTIMIZATION_LEVEL = "-Onone";
			};
			name = Debug;
		};
/* End XCBuildConfiguration section */

/* Begin XCConfigurationList section */
		0F33C758CDE1FCF94B9FE9DB /* Build configuration list for PBXNativeTarget "iosApp" */ = {
			isa = XCConfigurationList;
			buildConfigurations = (
				C5BED061E7CBB6FC62DBB45D /* Debug */,
				56FC0BCA518C24A9CD3B4159 /* Release */,
			);
			defaultConfigurationIsVisible = 0;
			defaultConfigurationName = Release;
		};
		62D559A11BDA3B7428004721 /* Build configuration list for PBXProject "iosApp" */ = {
			isa = XCConfigurationList;
			buildConfigurations = (
				D477B60D59A645427DD20E47 /* Debug */,
				C5D31A2EEA45DCB6382413D8 /* Release */,
			);
			defaultConfigurationIsVisible = 0;
			defaultConfigurationName = Release;
		};
		BDC1031830414CAE0018F84A /* Build configuration list for PBXNativeTarget "LinkerWidgetExtension" */ = {
			isa = XCConfigurationList;
			buildConfigurations = (
				BDC1031930414CAE0018F84A /* Debug */,
				BDC1031A30414CAE0018F84A /* Release */,
			);
			defaultConfigurationIsVisible = 0;
			defaultConfigurationName = Release;
		};
/* End XCConfigurationList section */

/* Begin XCRemoteSwiftPackageReference section */
		BD6748A830454A46001737E5 /* XCRemoteSwiftPackageReference "firebase-ios-sdk" */ = {
			isa = XCRemoteSwiftPackageReference;
			repositoryURL = "https://github.com/firebase/firebase-ios-sdk";
			requirement = {
				kind = upToNextMajorVersion;
				minimumVersion = 12.18.0;
			};
		};
		BD8F01CE303BF0C9000751CF /* XCRemoteSwiftPackageReference "kakao-ios-sdk" */ = {
			isa = XCRemoteSwiftPackageReference;
			repositoryURL = "https://github.com/kakao/kakao-ios-sdk";
			requirement = {
				kind = upToNextMajorVersion;
				minimumVersion = 2.28.0;
			};
		};
/* End XCRemoteSwiftPackageReference section */

/* Begin XCSwiftPackageProductDependency section */
		BD6748A930454ABF001737E5 /* FirebaseCore */ = {
			isa = XCSwiftPackageProductDependency;
			package = BD6748A830454A46001737E5 /* XCRemoteSwiftPackageReference "firebase-ios-sdk" */;
			productName = FirebaseCore;
		};
		BD6748AB30454ABF001737E5 /* FirebaseMessaging */ = {
			isa = XCSwiftPackageProductDependency;
			package = BD6748A830454A46001737E5 /* XCRemoteSwiftPackageReference "firebase-ios-sdk" */;
			productName = FirebaseMessaging;
		};
		BD6748AD30454ABF001737E5 /* FirebaseCrashlytics */ = {
			isa = XCSwiftPackageProductDependency;
			package = BD6748A830454A46001737E5 /* XCRemoteSwiftPackageReference "firebase-ios-sdk" */;
			productName = FirebaseCrashlytics;
		};
		BD8F01D0303BF1B8000751CF /* KakaoSDKAuth */ = {
			isa = XCSwiftPackageProductDependency;
			package = BD8F01CE303BF0C9000751CF /* XCRemoteSwiftPackageReference "kakao-ios-sdk" */;
			productName = KakaoSDKAuth;
		};
		BD8F01D2303BF1B8000751CF /* KakaoSDKCommon */ = {
			isa = XCSwiftPackageProductDependency;
			package = BD8F01CE303BF0C9000751CF /* XCRemoteSwiftPackageReference "kakao-ios-sdk" */;
			productName = KakaoSDKCommon;
		};
		BD8F01D4303BF1B8000751CF /* KakaoSDKUser */ = {
			isa = XCSwiftPackageProductDependency;
			package = BD8F01CE303BF0C9000751CF /* XCRemoteSwiftPackageReference "kakao-ios-sdk" */;
			productName = KakaoSDKUser;
		};
/* End XCSwiftPackageProductDependency section */
	};
	rootObject = 6A46FEA3C2ABC6AB37FC73F7 /* Project object */;
}
